{
  "object": {
    "pins": [
      {
        "package": "SendBirdSDK",
        "repositoryURL": "https://github.com/sendbird/sendbird-chat-ios-spm",
        "state": {
          "branch": null,
          "revision": "36f8d386e7b687f983075941d30e2a3fef7bc5c6",
          "version": "3.1.15"
        }
      }
    ]
  },
  "version": 1
}
